
Microsoft Visual Studio Solution File, Format Version 12.00
# Visual Studio Version 16
VisualStudioVersion = 16.0.30804.86
MinimumVisualStudioVersion = 10.0.40219.1
Project("{FAE04EC0-301F-11D3-BF4B-00C04F79EFBC}") = "FrontEnd", "FrontEnd\FrontEnd.csproj", "{FB803C09-6E15-4045-8281-BBD2A21FCFD5}"
EndProject
Project("{FAE04EC0-301F-11D3-BF4B-00C04F79EFBC}") = "BackEnd", "BackEnd\BackEnd.csproj", "{621B19F7-76AA-4089-91A9-48BD29A5CC4A}"
EndProject
Global
	GlobalSection(SolutionConfigurationPlatforms) = preSolution
		Debug|Any CPU = Debug|Any CPU
		Release|Any CPU = Release|Any CPU
	EndGlobalSection
	GlobalSection(ProjectConfigurationPlatforms) = postSolution
		{FB803C09-6E15-4045-8281-BBD2A21FCFD5}.Debug|Any CPU.ActiveCfg = Debug|Any CPU
		{FB803C09-6E15-4045-8281-BBD2A21FCFD5}.Debug|Any CPU.Build.0 = Debug|Any CPU
		{FB803C09-6E15-4045-8281-BBD2A21FCFD5}.Release|Any CPU.ActiveCfg = Release|Any CPU
		{FB803C09-6E15-4045-8281-BBD2A21FCFD5}.Release|Any CPU.Build.0 = Release|Any CPU
		{621B19F7-76AA-4089-91A9-48BD29A5CC4A}.Debug|Any CPU.ActiveCfg = Debug|Any CPU
		{621B19F7-76AA-4089-91A9-48BD29A5CC4A}.Debug|Any CPU.Build.0 = Debug|Any CPU
		{621B19F7-76AA-4089-91A9-48BD29A5CC4A}.Release|Any CPU.ActiveCfg = Release|Any CPU
		{621B19F7-76AA-4089-91A9-48BD29A5CC4A}.Release|Any CPU.Build.0 = Release|Any CPU
	EndGlobalSection
	GlobalSection(SolutionProperties) = preSolution
		HideSolutionNode = FALSE
	EndGlobalSection
	GlobalSection(ExtensibilityGlobals) = postSolution
		SolutionGuid = {AC624A79-0B24-43F7-AFDA-193BAF9D5652}
	EndGlobalSection
EndGlobal
